// !$*UTF8*$!
{
	archiveVersion = 1;
	classes = {
	};
	objectVersion = 55;
	objects = {

/* Begin PBXBuildFile section */
		35863CF927D13EB5007F680E /* AppDelegate.swift in Sources */ = {isa = PBXBuildFile; fileRef = 35863CF827D13EB5007F680E /* AppDelegate.swift */; };
		35863CFB27D13EB5007F680E /* SceneDelegate.swift in Sources */ = {isa = PBXBuildFile; fileRef = 35863CFA27D13EB5007F680E /* SceneDelegate.swift */; };
		35863CFD27D13EB5007F680E /* ViewController.swift in Sources */ = {isa = PBXBuildFile; fileRef = 35863CFC27D13EB5007F680E /* ViewController.swift */; };
		35863D0027D13EB5007F680E /* Main.storyboard in Resources */ = {isa = PBXBuildFile; fileRef = 35863CFE27D13EB5007F680E /* Main.storyboard */; };
		35863D0227D13EB6007F680E /* Assets.xcassets in Resources */ = {isa = PBXBuildFile; fileRef = 35863D0127D13EB6007F680E /* Assets.xcassets */; };
		35863D0527D13EB6007F680E /* LaunchScreen.storyboard in Resources */ = {isa = PBXBuildFile; fileRef = 35863D0327D13EB6007F680E /* LaunchScreen.storyboard */; };
		35863D1027D13EB7007F680E /* kennyProjectTests.swift in Sources */ = {isa = PBXBuildFile; fileRef = 35863D0F27D13EB6007F680E /* kennyProjectTests.swift */; };
		35863D1A27D13EB7007F680E /* kennyProjectUITests.swift in Sources */ = {isa = PBXBuildFile; fileRef = 35863D1927D13EB7007F680E /* kennyProjectUITests.swift */; };
		35863D1C27D13EB7007F680E /* kennyProjectUITestsLaunchTests.swift in Sources */ = {isa = PBXBuildFile; fileRef = 35863D1B27D13EB7007F680E /* kennyProjectUITestsLaunchTests.swift */; };
/* End PBXBuildFile section */

/* Begin PBXContainerItemProxy section */
		35863D0C27D13EB6007F680E /* PBXContainerItemProxy */ = {
			isa = PBXContainerItemProxy;
			containerPortal = 35863CED27D13EB5007F680E /* Project object */;
			proxyType = 1;
			remoteGlobalIDString = 35863CF427D13EB5007F680E;
			remoteInfo = kennyProject;
		};
		35863D1627D13EB7007F680E /* PBXContainerItemProxy */ = {
			isa = PBXContainerItemProxy;
			containerPortal = 35863CED27D13EB5007F680E /* Project object */;
			proxyType = 1;
			remoteGlobalIDString = 35863CF427D13EB5007F680E;
			remoteInfo = kennyProject;
		};
/* End PBXContainerItemProxy section */

/* Begin PBXFileReference section */
		35863CF527D13EB5007F680E /* kennyProject.app */ = {isa = PBXFileReference; explicitFileType = wrapper.application; includeInIndex = 0; path = kennyProject.app; sourceTree = BUILT_PRODUCTS_DIR; };
		35863CF827D13EB5007F680E /* AppDelegate.swift */ = {isa = PBXFileReference; lastKnownFileType = sourcecode.swift; path = AppDelegate.swift; sourceTree = "<group>"; };
		35863CFA27D13EB5007F680E /* SceneDelegate.swift */ = {isa = PBXFileReference; lastKnownFileType = sourcecode.swift; path = SceneDelegate.swift; sourceTree = "<group>"; };
		35863CFC27D13EB5007F680E /* ViewController.swift */ = {isa = PBXFileReference; lastKnownFileType = sourcecode.swift; path = ViewController.swift; sourceTree = "<group>"; };
		35863CFF27D13EB5007F680E /* Base */ = {isa = PBXFileReference; lastKnownFileType = file.storyboard; name = Base; path = Base.lproj/Main.storyboard; sourceTree = "<group>"; };
		35863D0127D13EB6007F680E /* Assets.xcassets */ = {isa = PBXFileReference; lastKnownFileType = folder.assetcatalog; path = Assets.xcassets; sourceTree = "<group>"; };
		35863D0427D13EB6007F680E /* Base */ = {isa = PBXFileReference; lastKnownFileType = file.storyboard; name = Base; path = Base.lproj/LaunchScreen.storyboard; sourceTree = "<group>"; };
		35863D0627D13EB6007F680E /* Info.plist */ = {isa = PBXFileReference; lastKnownFileType = text.plist.xml; path = Info.plist; sourceTree = "<group>"; };
		35863D0B27D13EB6007F680E /* kennyProjectTests.xctest */ = {isa = PBXFileReference; explicitFileType = wrapper.cfbundle; includeInIndex = 0; path = kennyProjectTests.xctest; sourceTree = BUILT_PRODUCTS_DIR; };
		35863D0F27D13EB6007F680E /* kennyProjectTests.swift */ = {isa = PBXFileReference; lastKnownFileType = sourcecode.swift; path = kennyProjectTests.swift; sourceTree = "<group>"; };
		35863D1527D13EB7007F680E /* kennyProjectUITests.xctest */ = {isa = PBXFileReference; explicitFileType = wrapper.cfbundle; includeInIndex = 0; path = kennyProjectUITests.xctest; sourceTree = BUILT_PRODUCTS_DIR; };
		35863D1927D13EB7007F680E /* kennyProjectUITests.swift */ = {isa = PBXFileReference; lastKnownFileType = sourcecode.swift; path = kennyProjectUITests.swift; sourceTree = "<group>"; };
		35863D1B27D13EB7007F680E /* kennyProjectUITestsLaunchTests.swift */ = {isa = PBXFileReference; lastKnownFileType = sourcecode.swift; path = kennyProjectUITestsLaunchTests.swift; sourceTree = "<group>"; };
/* End PBXFileReference section */

/* Begin PBXFrameworksBuildPhase section */
		35863CF227D13EB5007F680E /* Frameworks */ = {
			isa = PBXFrameworksBuildPhase;
			buildActionMask = 2147483647;
			files = (
			);
			runOnlyForDeploymentPostprocessing = 0;
		};
		35863D0827D13EB6007F680E /* Frameworks */ = {
			isa = PBXFrameworksBuildPhase;
			buildActionMask = 2147483647;
			files = (
			);
			runOnlyForDeploymentPostprocessing = 0;
		};
		35863D1227D13EB7007F680E /* Frameworks */ = {
			isa = PBXFrameworksBuildPhase;
			buildActionMask = 2147483647;
			files = (
			);
			runOnlyForDeploymentPostprocessing = 0;
		};
/* End PBXFrameworksBuildPhase section */

/* Begin PBXGroup section */
		35863CEC27D13EB5007F680E = {
			isa = PBXGroup;
			children = (
				35863CF727D13EB5007F680E /* kennyProject */,
				35863D0E27D13EB6007F680E /* kennyProjectTests */,
				35863D1827D13EB7007F680E /* kennyProjectUITests */,
				35863CF627D13EB5007F680E /* Products */,
			);
			sourceTree = "<group>";
		};
		35863CF627D13EB5007F680E /* Products */ = {
			isa = PBXGroup;
			children = (
				35863CF527D13EB5007F680E /* kennyProject.app */,
				35863D0B27D13EB6007F680E /* kennyProjectTests.xctest */,
				35863D1527D13EB7007F680E /* kennyProjectUITests.xctest */,
			);
			name = Products;
			sourceTree = "<group>";
		};
		35863CF727D13EB5007F680E /* kennyProject */ = {
			isa = PBXGroup;
			children = (
				35863CF827D13EB5007F680E /* AppDelegate.swift */,
				35863CFA27D13EB5007F680E /* SceneDelegate.swift */,
				35863CFC27D13EB5007F680E /* ViewController.swift */,
				35863CFE27D13EB5007F680E /* Main.storyboard */,
				35863D0127D13EB6007F680E /* Assets.xcassets */,
				35863D0327D13EB6007F680E /* LaunchScreen.storyboard */,
				35863D0627D13EB6007F680E /* Info.plist */,
			);
			path = kennyProject;
			sourceTree = "<group>";
		};
		35863D0E27D13EB6007F680E /* kennyProjectTests */ = {
			isa = PBXGroup;
			children = (
				35863D0F27D13EB6007F680E /* kennyProjectTests.swift */,
			);
			path = kennyProjectTests;
			sourceTree = "<group>";
		};
		35863D1827D13EB7007F680E /* kennyProjectUITests */ = {
			isa = PBXGroup;
			children = (
				35863D1927D13EB7007F680E /* kennyProjectUITests.swift */,
				35863D1B27D13EB7007F680E /* kennyProjectUITestsLaunchTests.swift */,
			);
			path = kennyProjectUITests;
			sourceTree = "<group>";
		};
/* End PBXGroup section */

/* Begin PBXNativeTarget section */
		35863CF427D13EB5007F680E /* kennyProject */ = {
			isa = PBXNativeTarget;
			buildConfigurationList = 35863D1F27D13EB7007F680E /* Build configuration list for PBXNativeTarget "kennyProject" */;
			buildPhases = (
				35863CF127D13EB5007F680E /* Sources */,
				35863CF227D13EB5007F680E /* Frameworks */,
				35863CF327D13EB5007F680E /* Resources */,
			);
			buildRules = (
			);
			dependencies = (
			);
			name = kennyProject;
			productName = kennyProject;
			productReference = 35863CF527D13EB5007F680E /* kennyProject.app */;
			productType = "com.apple.product-type.application";
		};
		35863D0A27D13EB6007F680E /* kennyProjectTests */ = {
			isa = PBXNativeTarget;
			buildConfigurationList = 35863D2227D13EB7007F680E /* Build configuration list for PBXNativeTarget "kennyProjectTests" */;
			buildPhases = (
				35863D0727D13EB6007F680E /* Sources */,
				35863D0827D13EB6007F680E /* Frameworks */,
				35863D0927D13EB6007F680E /* Resources */,
			);
			buildRules = (
			);
			dependencies = (
				35863D0D27D13EB6007F680E /* PBXTargetDependency */,
			);
			name = kennyProjectTests;
			productName = kennyProjectTests;
			productReference = 35863D0B27D13EB6007F680E /* kennyProjectTests.xctest */;
			productType = "com.apple.product-type.bundle.unit-test";
		};
		35863D1427D13EB7007F680E /* kennyProjectUITests */ = {
			isa = PBXNativeTarget;
			buildConfigurationList = 35863D2527D13EB7007F680E /* Build configuration list for PBXNativeTarget "kennyProjectUITests" */;
			buildPhases = (
				35863D1127D13EB7007F680E /* Sources */,
				35863D1227D13EB7007F680E /* Frameworks */,
				35863D1327D13EB7007F680E /* Resources */,
			);
			buildRules = (
			);
			dependencies = (
				35863D1727D13EB7007F680E /* PBXTargetDependency */,
			);
			name = kennyProjectUITests;
			productName = kennyProjectUITests;
			productReference = 35863D1527D13EB7007F680E /* kennyProjectUITests.xctest */;
			productType = "com.apple.product-type.bundle.ui-testing";
		};
/* End PBXNativeTarget section */

/* Begin PBXProject section */
		35863CED27D13EB5007F680E /* Project object */ = {
			isa = PBXProject;
			attributes = {
				BuildIndependentTargetsInParallel = 1;
				LastSwiftUpdateCheck = 1320;
				LastUpgradeCheck = 1320;
				TargetAttributes = {
					35863CF427D13EB5007F680E = {
						CreatedOnToolsVersion = 13.2.1;
					};
					35863D0A27D13EB6007F680E = {
						CreatedOnToolsVersion = 13.2.1;
						TestTargetID = 35863CF427D13EB5007F680E;
					};
					35863D1427D13EB7007F680E = {
						CreatedOnToolsVersion = 13.2.1;
						TestTargetID = 35863CF427D13EB5007F680E;
					};
				};
			};
			buildConfigurationList = 35863CF027D13EB5007F680E /* Build configuration list for PBXProject "kennyProject" */;
			compatibilityVersion = "Xcode 13.0";
			developmentRegion = en;
			hasScannedForEncodings = 0;
			knownRegions = (
				en,
				Base,
			);
			mainGroup = 35863CEC27D13EB5007F680E;
			productRefGroup = 35863CF627D13EB5007F680E /* Products */;
			projectDirPath = "";
			projectRoot = "";
			targets = (
				35863CF427D13EB5007F680E /* kennyProject */,
				35863D0A27D13EB6007F680E /* kennyProjectTests */,
				35863D1427D13EB7007F680E /* kennyProjectUITests */,
			);
		};
/* End PBXProject section */

/* Begin PBXResourcesBuildPhase section */
		35863CF327D13EB5007F680E /* Resources */ = {
			isa = PBXResourcesBuildPhase;
			buildActionMask = 2147483647;
			files = (
				35863D0527D13EB6007F680E /* LaunchScreen.storyboard in Resources */,
				35863D0227D13EB6007F680E /* Assets.xcassets in Resources */,
				35863D0027D13EB5007F680E /* Main.storyboard in Resources */,
			);
			runOnlyForDeploymentPostprocessing = 0;
		};
		35863D0927D13EB6007F680E /* Resources */ = {
			isa = PBXResourcesBuildPhase;
			buildActionMask = 2147483647;
			files = (
			);
			runOnlyForDeploymentPostprocessing = 0;
		};
		35863D1327D13EB7007F680E /* Resources */ = {
			isa = PBXResourcesBuildPhase;
			buildActionMask = 2147483647;
			files = (
			);
			runOnlyForDeploymentPostprocessing = 0;
		};
/* End PBXResourcesBuildPhase section */

/* Begin PBXSourcesBuildPhase section */
		35863CF127D13EB5007F680E /* Sources */ = {
			isa = PBXSourcesBuildPhase;
			buildActionMask = 2147483647;
			files = (
				35863CFD27D13EB5007F680E /* ViewController.swift in Sources */,
				35863CF927D13EB5007F680E /* AppDelegate.swift in Sources */,
				35863CFB27D13EB5007F680E /* SceneDelegate.swift in Sources */,
			);
			runOnlyForDeploymentPostprocessing = 0;
		};
		35863D0727D13EB6007F680E /* Sources */ = {
			isa = PBXSourcesBuildPhase;
			buildActionMask = 2147483647;
			files = (
				35863D1027D13EB7007F680E /* kennyProjectTests.swift in Sources */,
			);
			runOnlyForDeploymentPostprocessing = 0;
		};
		35863D1127D13EB7007F680E /* Sources */ = {
			isa = PBXSourcesBuildPhase;
			buildActionMask = 2147483647;
			files = (
				35863D1C27D13EB7007F680E /* kennyProjectUITestsLaunchTests.swift in Sources */,
				35863D1A27D13EB7007F680E /* kennyProjectUITests.swift in Sources */,
			);
			runOnlyForDeploymentPostprocessing = 0;
		};
/* End PBXSourcesBuildPhase section */

/* Begin PBXTargetDependency section */
		35863D0D27D13EB6007F680E /* PBXTargetDependency */ = {
			isa = PBXTargetDependency;
			target = 35863CF427D13EB5007F680E /* kennyProject */;
			targetProxy = 35863D0C27D13EB6007F680E /* PBXContainerItemProxy */;
		};
		35863D1727D13EB7007F680E /* PBXTargetDependency */ = {
			isa = PBXTargetDependency;
			target = 35863CF427D13EB5007F680E /* kennyProject */;
			targetProxy = 35863D1627D13EB7007F680E /* PBXContainerItemProxy */;
		};
/* End PBXTargetDependency section */

/* Begin PBXVariantGroup section */
		35863CFE27D13EB5007F680E /* Main.storyboard */ = {
			isa = PBXVariantGroup;
			children = (
				35863CFF27D13EB5007F680E /* Base */,
			);
			name = Main.storyboard;
			sourceTree = "<group>";
		};
		35863D0327D13EB6007F680E /* LaunchScreen.storyboard */ = {
			isa = PBXVariantGroup;
			children = (
				35863D0427D13EB6007F680E /* Base */,
			);
			name = LaunchScreen.storyboard;
			sourceTree = "<group>";
		};
/* End PBXVariantGroup section */

/* Begin XCBuildConfiguration section */
		35863D1D27D13EB7007F680E /* Debug */ = {
			isa = XCBuildConfiguration;
			buildSettings = {
				ALWAYS_SEARCH_USER_PATHS = NO;
				CLANG_ANALYZER_NONNULL = YES;
				CLANG_ANALYZER_NUMBER_OBJECT_CONVERSION = YES_AGGRESSIVE;
				CLANG_CXX_LANGUAGE_STANDARD = "gnu++17";
				CLANG_CXX_LIBRARY = "libc++";
				CLANG_ENABLE_MODULES = YES;
				CLANG_ENABLE_OBJC_ARC = YES;
				CLANG_ENABLE_OBJC_WEAK = YES;
				CLANG_WARN_BLOCK_CAPTURE_AUTORELEASING = YES;
				CLANG_WARN_BOOL_CONVERSION = YES;
				CLANG_WARN_COMMA = YES;
				CLANG_WARN_CONSTANT_CONVERSION = YES;
				CLANG_WARN_DEPRECATED_OBJC_IMPLEMENTATIONS = YES;
				CLANG_WARN_DIRECT_OBJC_ISA_USAGE = YES_ERROR;
				CLANG_WARN_DOCUMENTATION_COMMENTS = YES;
				CLANG_WARN_EMPTY_BODY = YES;
				CLANG_WARN_ENUM_CONVERSION = YES;
				CLANG_WARN_INFINITE_RECURSION = YES;
				CLANG_WARN_INT_CONVERSION = YES;
				CLANG_WARN_NON_LITERAL_NULL_CONVERSION = YES;
				CLANG_WARN_OBJC_IMPLICIT_RETAIN_SELF = YES;
				CLANG_WARN_OBJC_LITERAL_CONVERSION = YES;
				CLANG_WARN_OBJC_ROOT_CLASS = YES_ERROR;
				CLANG_WARN_QUOTED_INCLUDE_IN_FRAMEWORK_HEADER = YES;
				CLANG_WARN_RANGE_LOOP_ANALYSIS = YES;
				CLANG_WARN_STRICT_PROTOTYPES = YES;
				CLANG_WARN_SUSPICIOUS_MOVE = YES;
				CLANG_WARN_UNGUARDED_AVAILABILITY = YES_AGGRESSIVE;
				CLANG_WARN_UNREACHABLE_CODE = YES;
				CLANG_WARN__DUPLICATE_METHOD_MATCH = YES;
				COPY_PHASE_STRIP = NO;
				DEBUG_INFORMATION_FORMAT = dwarf;
				ENABLE_STRICT_OBJC_MSGSEND = YES;
				ENABLE_TESTABILITY = YES;
				GCC_C_LANGUAGE_STANDARD = gnu11;
				GCC_DYNAMIC_NO_PIC = NO;
				GCC_NO_COMMON_BLOCKS = YES;
				GCC_OPTIMIZATION_LEVEL = 0;
				GCC_PREPROCESSOR_DEFINITIONS = (
					"DEBUG=1",
					"$(inherited)",
				);
				GCC_WARN_64_TO_32_BIT_CONVERSION = YES;
				GCC_WARN_ABOUT_RETURN_TYPE = YES_ERROR;
				GCC_WARN_UNDECLARED_SELECTOR = YES;
				GCC_WARN_UNINITIALIZED_AUTOS = YES_AGGRESSIVE;
				GCC_WARN_UNUSED_FUNCTION = YES;
				GCC_WARN_UNUSED_VARIABLE = YES;
				IPHONEOS_DEPLOYMENT_TARGET = 15.2;
				MTL_ENABLE_DEBUG_INFO = INCLUDE_SOURCE;
				MTL_FAST_MATH = YES;
				ONLY_ACTIVE_ARCH = YES;
				SDKROOT = iphoneos;
				SWIFT_ACTIVE_COMPILATION_CONDITIONS = DEBUG;
				SWIFT_OPTIMIZATION_LEVEL = "-Onone";
			};
			name = Debug;
		};
		35863D1E27D13EB7007F680E /* Release */ = {
			isa = XCBuildConfiguration;
			buildSettings = {
				ALWAYS_SEARCH_USER_PATHS = NO;
				CLANG_ANALYZER_NONNULL = YES;
				CLANG_ANALYZER_NUMBER_OBJECT_CONVERSION = YES_AGGRESSIVE;
				CLANG_CXX_LANGUAGE_STANDARD = "gnu++17";
				CLANG_CXX_LIBRARY = "libc++";
				CLANG_ENABLE_MODULES = YES;
				CLANG_ENABLE_OBJC_ARC = YES;
				CLANG_ENABLE_OBJC_WEAK = YES;
				CLANG_WARN_BLOCK_CAPTURE_AUTORELEASING = YES;
				CLANG_WARN_BOOL_CONVERSION = YES;
				CLANG_WARN_COMMA = YES;
				CLANG_WARN_CONSTANT_CONVERSION = YES;
				CLANG_WARN_DEPRECATED_OBJC_IMPLEMENTATIONS = YES;
				CLANG_WARN_DIRECT_OBJC_ISA_USAGE = YES_ERROR;
				CLANG_WARN_DOCUMENTATION_COMMENTS = YES;
				CLANG_WARN_EMPTY_BODY = YES;
				CLANG_WARN_ENUM_CONVERSION = YES;
				CLANG_WARN_INFINITE_RECURSION = YES;
				CLANG_WARN_INT_CONVERSION = YES;
				CLANG_WARN_NON_LITERAL_NULL_CONVERSION = YES;
				CLANG_WARN_OBJC_IMPLICIT_RETAIN_SELF = YES;
				CLANG_WARN_OBJC_LITERAL_CONVERSION = YES;
				CLANG_WARN_OBJC_ROOT_CLASS = YES_ERROR;
				CLANG_WARN_QUOTED_INCLUDE_IN_FRAMEWORK_HEADER = YES;
				CLANG_WARN_RANGE_LOOP_ANALYSIS = YES;
				CLANG_WARN_STRICT_PROTOTYPES = YES;
				CLANG_WARN_SUSPICIOUS_MOVE = YES;
				CLANG_WARN_UNGUARDED_AVAILABILITY = YES_AGGRESSIVE;
				CLANG_WARN_UNREACHABLE_CODE = YES;
				CLANG_WARN__DUPLICATE_METHOD_MATCH = YES;
				COPY_PHASE_STRIP = NO;
				DEBUG_INFORMATION_FORMAT = "dwarf-with-dsym";
				ENABLE_NS_ASSERTIONS = NO;
				ENABLE_STRICT_OBJC_MSGSEND = YES;
				GCC_C_LANGUAGE_STANDARD = gnu11;
				GCC_NO_COMMON_BLOCKS = YES;
				GCC_WARN_64_TO_32_BIT_CONVERSION = YES;
				GCC_WARN_ABOUT_RETURN_TYPE = YES_ERROR;
				GCC_WARN_UNDECLARED_SELECTOR = YES;
				GCC_WARN_UNINITIALIZED_AUTOS = YES_AGGRESSIVE;
				GCC_WARN_UNUSED_FUNCTION = YES;
				GCC_WARN_UNUSED_VARIABLE = YES;
				IPHONEOS_DEPLOYMENT_TARGET = 15.2;
				MTL_ENABLE_DEBUG_INFO = NO;
				MTL_FAST_MATH = YES;
				SDKROOT = iphoneos;
				SWIFT_COMPILATION_MODE = wholemodule;
				SWIFT_OPTIMIZATION_LEVEL = "-O";
				VALIDATE_PRODUCT = YES;
			};
			name = Release;
		};
		35863D2027D13EB7007F680E /* Debug */ = {
			isa = XCBuildConfiguration;
			buildSettings = {
				ASSETCATALOG_COMPILER_APPICON_NAME = AppIcon;
				ASSETCATALOG_COMPILER_GLOBAL_ACCENT_COLOR_NAME = AccentColor;
				CODE_SIGN_IDENTITY = "Apple Development";
				CODE_SIGN_STYLE = Automatic;
				CURRENT_PROJECT_VERSION = 1;
				DEVELOPMENT_TEAM = 7S2352CAGB;
				GENERATE_INFOPLIST_FILE = YES;
				INFOPLIST_FILE = kennyProject/Info.plist;
				INFOPLIST_KEY_UIApplicationSupportsIndirectInputEvents = YES;
				INFOPLIST_KEY_UILaunchStoryboardName = LaunchScreen;
				INFOPLIST_KEY_UIMainStoryboardFile = Main;
				INFOPLIST_KEY_UISupportedInterfaceOrientations_iPad = "UIInterfaceOrientationPortrait UIInterfaceOrientationPortraitUpsideDown UIInterfaceOrientationLandscapeLeft UIInterfaceOrientationLandscapeRight";
				INFOPLIST_KEY_UISupportedInterfaceOrientations_iPhone = "UIInterfaceOrientationPortrait UIInterfaceOrientationLandscapeLeft UIInterfaceOrientationLandscapeRight";
				LD_RUNPATH_SEARCH_PATHS = (
					"$(inherited)",
					"@executable_path/Frameworks",
				);
				MARKETING_VERSION = 1.0;
				PRODUCT_BUNDLE_IDENTIFIER = ornek.kennyProject;
				PRODUCT_NAME = "$(TARGET_NAME)";
				PROVISIONING_PROFILE_SPECIFIER = "";
				SWIFT_EMIT_LOC_STRINGS = YES;
				SWIFT_VERSION = 5.0;
				TARGETED_DEVICE_FAMILY = "1,2";
			};
			name = Debug;
		};
		35863D2127D13EB7007F680E /* Release */ = {
			isa = XCBuildConfiguration;
			buildSettings = {
				ASSETCATALOG_COMPILER_APPICON_NAME = AppIcon;
				ASSETCATALOG_COMPILER_GLOBAL_ACCENT_COLOR_NAME = AccentColor;
				CODE_SIGN_IDENTITY = "Apple Development";
				CODE_SIGN_STYLE = Automatic;
				CURRENT_PROJECT_VERSION = 1;
				DEVELOPMENT_TEAM = 7S2352CAGB;
				GENERATE_INFOPLIST_FILE = YES;
				INFOPLIST_FILE = kennyProject/Info.plist;
				INFOPLIST_KEY_UIApplicationSupportsIndirectInputEvents = YES;
				INFOPLIST_KEY_UILaunchStoryboardName = LaunchScreen;
				INFOPLIST_KEY_UIMainStoryboardFile = Main;
				INFOPLIST_KEY_UISupportedInterfaceOrientations_iPad = "UIInterfaceOrientationPortrait UIInterfaceOrientationPortraitUpsideDown UIInterfaceOrientationLandscapeLeft UIInterfaceOrientationLandscapeRight";
				INFOPLIST_KEY_UISupportedInterfaceOrientations_iPhone = "UIInterfaceOrientationPortrait UIInterfaceOrientationLandscapeLeft UIInterfaceOrientationLandscapeRight";
				LD_RUNPATH_SEARCH_PATHS = (
					"$(inherited)",
					"@executable_path/Frameworks",
				);
				MARKETING_VERSION = 1.0;
				PRODUCT_BUNDLE_IDENTIFIER = ornek.kennyProject;
				PRODUCT_NAME = "$(TARGET_NAME)";
				PROVISIONING_PROFILE_SPECIFIER = "";
				SWIFT_EMIT_LOC_STRINGS = YES;
				SWIFT_VERSION = 5.0;
				TARGETED_DEVICE_FAMILY = "1,2";
			};
			name = Release;
		};
		35863D2327D13EB7007F680E /* Debug */ = {
			isa = XCBuildConfiguration;
			buildSettings = {
				ALWAYS_EMBED_SWIFT_STANDARD_LIBRARIES = YES;
				BUNDLE_LOADER = "$(TEST_HOST)";
				CODE_SIGN_STYLE = Automatic;
				CURRENT_PROJECT_VERSION = 1;
				DEVELOPMENT_TEAM = BS5VLXVPLJ;
				GENERATE_INFOPLIST_FILE = YES;
				IPHONEOS_DEPLOYMENT_TARGET = 15.2;
				MARKETING_VERSION = 1.0;
				PRODUCT_BUNDLE_IDENTIFIER = ornek.kennyProjectTests;
				PRODUCT_NAME = "$(TARGET_NAME)";
				SWIFT_EMIT_LOC_STRINGS = NO;
				SWIFT_VERSION = 5.0;
				TARGETED_DEVICE_FAMILY = "1,2";
				TEST_HOST = "$(BUILT_PRODUCTS_DIR)/kennyProject.app/kennyProject";
			};
			name = Debug;
		};
		35863D2427D13EB7007F680E /* Release */ = {
			isa = XCBuildConfiguration;
			buildSettings = {
				ALWAYS_EMBED_SWIFT_STANDARD_LIBRARIES = YES;
				BUNDLE_LOADER = "$(TEST_HOST)";
				CODE_SIGN_STYLE = Automatic;
				CURRENT_PROJECT_VERSION = 1;
				DEVELOPMENT_TEAM = BS5VLXVPLJ;
				GENERATE_INFOPLIST_FILE = YES;
				IPHONEOS_DEPLOYMENT_TARGET = 15.2;
				MARKETING_VERSION = 1.0;
				PRODUCT_BUNDLE_IDENTIFIER = ornek.kennyProjectTests;
				PRODUCT_NAME = "$(TARGET_NAME)";
				SWIFT_EMIT_LOC_STRINGS = NO;
				SWIFT_VERSION = 5.0;
				TARGETED_DEVICE_FAMILY = "1,2";
				TEST_HOST = "$(BUILT_PRODUCTS_DIR)/kennyProject.app/kennyProject";
			};
			name = Release;
		};
		35863D2627D13EB7007F680E /* Debug */ = {
			isa = XCBuildConfiguration;
			buildSettings = {
				ALWAYS_EMBED_SWIFT_STANDARD_LIBRARIES = YES;
				CODE_SIGN_STYLE = Automatic;
				CURRENT_PROJECT_VERSION = 1;
				DEVELOPMENT_TEAM = BS5VLXVPLJ;
				GENERATE_INFOPLIST_FILE = YES;
				MARKETING_VERSION = 1.0;
				PRODUCT_BUNDLE_IDENTIFIER = ornek.kennyProjectUITests;
				PRODUCT_NAME = "$(TARGET_NAME)";
				SWIFT_EMIT_LOC_STRINGS = NO;
				SWIFT_VERSION = 5.0;
				TARGETED_DEVICE_FAMILY = "1,2";
				TEST_TARGET_NAME = kennyProject;
			};
			name = Debug;
		};
		35863D2727D13EB7007F680E /* Release */ = {
			isa = XCBuildConfiguration;
			buildSettings = {
				ALWAYS_EMBED_SWIFT_STANDARD_LIBRARIES = YES;
				CODE_SIGN_STYLE = Automatic;
				CURRENT_PROJECT_VERSION = 1;
				DEVELOPMENT_TEAM = BS5VLXVPLJ;
				GENERATE_INFOPLIST_FILE = YES;
				MARKETING_VERSION = 1.0;
				PRODUCT_BUNDLE_IDENTIFIER = ornek.kennyProjectUITests;
				PRODUCT_NAME = "$(TARGET_NAME)";
				SWIFT_EMIT_LOC_STRINGS = NO;
				SWIFT_VERSION = 5.0;
				TARGETED_DEVICE_FAMILY = "1,2";
				TEST_TARGET_NAME = kennyProject;
			};
			name = Release;
		};
/* End XCBuildConfiguration section */

/* Begin XCConfigurationList section */
		35863CF027D13EB5007F680E /* Build configuration list for PBXProject "kennyProject" */ = {
			isa = XCConfigurationList;
			buildConfigurations = (
				35863D1D27D13EB7007F680E /* Debug */,
				35863D1E27D13EB7007F680E /* Release */,
			);
			defaultConfigurationIsVisible = 0;
			defaultConfigurationName = Release;
		};
		35863D1F27D13EB7007F680E /* Build configuration list for PBXNativeTarget "kennyProject" */ = {
			isa = XCConfigurationList;
			buildConfigurations = (
				35863D2027D13EB7007F680E /* Debug */,
				35863D2127D13EB7007F680E /* Release */,
			);
			defaultConfigurationIsVisible = 0;
			defaultConfigurationName = Release;
		};
		35863D2227D13EB7007F680E /* Build configuration list for PBXNativeTarget "kennyProjectTests" */ = {
			isa = XCConfigurationList;
			buildConfigurations = (
				35863D2327D13EB7007F680E /* Debug */,
				35863D2427D13EB7007F680E /* Release */,
			);
			defaultConfigurationIsVisible = 0;
			defaultConfigurationName = Release;
		};
		35863D2527D13EB7007F680E /* Build configuration list for PBXNativeTarget "kennyProjectUITests" */ = {
			isa = XCConfigurationList;
			buildConfigurations = (
				35863D2627D13EB7007F680E /* Debug */,
				35863D2727D13EB7007F680E /* Release */,
			);
			defaultConfigurationIsVisible = 0;
			defaultConfigurationName = Release;
		};
/* End XCConfigurationList section */
	};
	rootObject = 35863CED27D13EB5007F680E /* Project object */;
}
